Microsoft Visual Studio Solution File, Format Version 12.00
# Visual Studio Version 17
VisualStudioVersion = 17.5.2.0
MinimumVisualStudioVersion = 10.0.40219.1
Project("{FAE04EC0-301F-11D3-BF4B-00C04F79EFBC}") = "InventarioApp", "InventarioApp.csproj", "{6F6FA025-6F2A-D35B-1EF0-58DF5E0D2DBD}"
EndProject
Global
	GlobalSection(SolutionConfigurationPlatforms) = preSolution
		Debug|Any CPU = Debug|Any CPU
		Release|Any CPU = Release|Any CPU
	EndGlobalSection
	GlobalSection(ProjectConfigurationPlatforms) = postSolution
		{6F6FA025-6F2A-D35B-1EF0-58DF5E0D2DBD}.Debug|Any CPU.ActiveCfg = Debug|Any CPU
		{6F6FA025-6F2A-D35B-1EF0-58DF5E0D2DBD}.Debug|Any CPU.Build.0 = Debug|Any CPU
		{6F6FA025-6F2A-D35B-1EF0-58DF5E0D2DBD}.Release|Any CPU.ActiveCfg = Release|Any CPU
		{6F6FA025-6F2A-D35B-1EF0-58DF5E0D2DBD}.Release|Any CPU.Build.0 = Release|Any CPU
	EndGlobalSection
	GlobalSection(SolutionProperties) = preSolution
		HideSolutionNode = FALSE
	EndGlobalSection
	GlobalSection(ExtensibilityGlobals) = postSolution
		SolutionGuid = {C963D77D-23B1-49EA-BC5F-26A44DD12549}
	EndGlobalSection
EndGlobal
